
Microsoft Visual Studio Solution File, Format Version 12.00
# Visual Studio 16
Project("{FAE04EC0-301F-11D3-BF4B-00C04F79EFBC}") = "Assembly-CSharp", "Assembly-CSharp.csproj", "{8FEE4AE0-65DC-11B0-18B2-4BCF0A4D8CB9}"
EndProject
Project("{FAE04EC0-301F-11D3-BF4B-00C04F79EFBC}") = "Assembly-CSharp-Editor", "Assembly-CSharp-Editor.csproj", "{0CFCD399-09B0-06E1-649A-38914A1C3179}"
EndProject
Global
	GlobalSection(SolutionConfigurationPlatforms) = preSolution
		Debug|Any CPU = Debug|Any CPU
		Release|Any CPU = Release|Any CPU
	EndGlobalSection
	GlobalSection(ProjectConfigurationPlatforms) = postSolution
		{8FEE4AE0-65DC-11B0-18B2-4BCF0A4D8CB9}.Debug|Any CPU.ActiveCfg = Debug|Any CPU
		{8FEE4AE0-65DC-11B0-18B2-4BCF0A4D8CB9}.Debug|Any CPU.Build.0 = Debug|Any CPU
		{8FEE4AE0-65DC-11B0-18B2-4BCF0A4D8CB9}.Release|Any CPU.ActiveCfg = Release|Any CPU
		{8FEE4AE0-65DC-11B0-18B2-4BCF0A4D8CB9}.Release|Any CPU.Build.0 = Release|Any CPU
		{0CFCD399-09B0-06E1-649A-38914A1C3179}.Debug|Any CPU.ActiveCfg = Debug|Any CPU
		{0CFCD399-09B0-06E1-649A-38914A1C3179}.Debug|Any CPU.Build.0 = Debug|Any CPU
		{0CFCD399-09B0-06E1-649A-38914A1C3179}.Release|Any CPU.ActiveCfg = Release|Any CPU
		{0CFCD399-09B0-06E1-649A-38914A1C3179}.Release|Any CPU.Build.0 = Release|Any CPU
	EndGlobalSection
	GlobalSection(SolutionProperties) = preSolution
		HideSolutionNode = FALSE
	EndGlobalSection
EndGlobal
